# This file is autogenerated, do not edit; changes may be undone by the next 'dep ensure'.


[[projects]]
  branch = "master"
  name = "github.com/dchest/captcha"
  packages = ["."]
  revision = "6a29415a8364ec2971fdc62d9e415ed53fc20410"

[[projects]]
  name = "github.com/dgrijalva/jwt-go"
  packages = ["."]
  revision = "06ea1031745cb8b3dab3f6a236daf2b0aa468b7e"
  version = "v3.2.0"

[[projects]]
  name = "github.com/garyburd/redigo"
  packages = [
    "internal",
    "redis"
  ]
  revision = "a69d19351219b6dd56f274f96d85a7014a2ec34e"
  version = "v1.6.0"

[[projects]]
  name = "github.com/go-ini/ini"
  packages = ["."]
  revision = "358ee7663966325963d4e8b2e1fbd570c5195153"
  version = "v1.38.1"

[[projects]]
  name = "github.com/go-sql-driver/mysql"
  packages = ["."]
  revision = "d523deb1b23d913de5bdada721a6071e71283618"
  version = "v1.4.0"

[[projects]]
  branch = "master"
  name = "github.com/gwaylib/beanmsq"
  packages = ["."]
  revision = "2d4951500981093701aa6c39c87de6a6b906f635"

[[projects]]
  branch = "master"
  name = "github.com/gwaylib/conf"
  packages = [
    ".",
    "ini"
  ]
  revision = "dfd804832bcbdf15775d7febc96d5b6d10d4201f"

[[projects]]
  branch = "master"
  name = "github.com/gwaylib/database"
  packages = ["."]
  revision = "5355a696f9d4e94fd27292a994f1f9d02ae23746"

[[projects]]
  branch = "master"
  name = "github.com/gwaylib/errors"
  packages = ["."]
  revision = "fc77c9a1dcb3e74870e1f8b659da2ae18afbc06b"

[[projects]]
  branch = "master"
  name = "github.com/gwaylib/eweb"
  packages = ["."]
  revision = "3a6d2fae0eb3711b95efe210d17c1e04ca7314cd"

[[projects]]
  branch = "master"
  name = "github.com/gwaylib/log"
  packages = [
    ".",
    "behavior",
    "logger",
    "logger/adapter/stdio",
    "logger/proto"
  ]
  revision = "828c669d9a6e5058fa65bfe5371bfab77f18590c"

[[projects]]
  name = "github.com/iwanbk/gobeanstalk"
  packages = ["."]
  revision = "36dcad26a9619327621b6f95745d462c4b12dcec"
  version = "v0.3"

[[projects]]
  branch = "master"
  name = "github.com/jameskeane/bcrypt"
  packages = ["."]
  revision = "c3cd44c1e20fec46baad45b108a45be93394dc8d"

[[projects]]
  branch = "master"
  name = "github.com/jmoiron/sqlx"
  packages = [
    ".",
    "reflectx"
  ]
  revision = "0dae4fefe7c0e190f7b5a78dac28a1c82cc8d849"

[[projects]]
  branch = "master"
  name = "github.com/kr/beanstalk"
  packages = ["."]
  revision = "e99e1a384e4ace0401329ea37f702a2904990f91"

[[projects]]
  name = "github.com/labstack/echo"
  packages = [
    ".",
    "middleware"
  ]
  revision = "6d227dfea4d2e52cb76856120b3c17f758139b4e"
  version = "3.3.5"

[[projects]]
  name = "github.com/labstack/gommon"
  packages = [
    "bytes",
    "color",
    "log",
    "random"
  ]
  revision = "d6898124de917583f5ff5592ef931d1dfe0ddc05"
  version = "0.2.6"

[[projects]]
  name = "github.com/mattn/go-colorable"
  packages = ["."]
  revision = "167de6bfdfba052fa6b2d3664c8f5272e23c9072"
  version = "v0.0.9"

[[projects]]
  name = "github.com/mattn/go-isatty"
  packages = ["."]
  revision = "0360b2af4f38e8d38c7fce2a9f4e702702d73a39"
  version = "v0.0.3"

[[projects]]
  branch = "master"
  name = "github.com/valyala/bytebufferpool"
  packages = ["."]
  revision = "e746df99fe4a3986f4d4f79e13c1e0117ce9c2f7"

[[projects]]
  branch = "master"
  name = "github.com/valyala/fasttemplate"
  packages = ["."]
  revision = "dcecefd839c4193db0d35b88ec65b4c12d360ab0"

[[projects]]
  branch = "master"
  name = "github.com/xxtea/xxtea-go"
  packages = ["xxtea"]
  revision = "35c4b17eecf6c3c2350f8cecaf1b3f9f7fafc242"

[[projects]]
  branch = "v3"
  name = "gopkg.in/alexcesaro/quotedprintable.v3"
  packages = ["."]
  revision = "2caba252f4dc53eaf6b553000885530023f54623"

[[projects]]
  name = "gopkg.in/gomail.v2"
  packages = ["."]
  revision = "41f3572897373c5538c50a2402db15db079fa4fd"
  version = "2.0.0"

[solve-meta]
  analyzer-name = "dep"
  analyzer-version = 1
  inputs-digest = "9366b63bd8f31435ad57c62a196049e4fd8073521bcf3d41746e973ac6890c9c"
  solver-name = "gps-cdcl"
  solver-version = 1
